// !$*UTF8*$!
{
	archiveVersion = 1;
	classes = {
	};
	objectVersion = 56;
	objects = {

/* Begin PBXBuildFile section */
		297375612CCE41AA0070D793 /* testApp.swift in Sources */ = {isa = PBXBuildFile; fileRef = 297375602CCE41AA0070D793 /* testApp.swift */; };
		297375632CCE41AA0070D793 /* ContentView.swift in Sources */ = {isa = PBXBuildFile; fileRef = 297375622CCE41AA0070D793 /* ContentView.swift */; };
		297375652CCE41AB0070D793 /* Assets.xcassets in Resources */ = {isa = PBXBuildFile; fileRef = 297375642CCE41AB0070D793 /* Assets.xcassets */; };
		297375682CCE41AB0070D793 /* Preview Assets.xcassets in Resources */ = {isa = PBXBuildFile; fileRef = 297375672CCE41AB0070D793 /* Preview Assets.xcassets */; };
		297375722CCE41AB0070D793 /* testTests.swift in Sources */ = {isa = PBXBuildFile; fileRef = 297375712CCE41AB0070D793 /* testTests.swift */; };
		2973757C2CCE41AB0070D793 /* testUITests.swift in Sources */ = {isa = PBXBuildFile; fileRef = 2973757B2CCE41AB0070D793 /* testUITests.swift */; };
		2973757E2CCE41AB0070D793 /* testUITestsLaunchTests.swift in Sources */ = {isa = PBXBuildFile; fileRef = 2973757D2CCE41AB0070D793 /* testUITestsLaunchTests.swift */; };
		2973758B2CCE41BE0070D793 /* test1.swift in Sources */ = {isa = PBXBuildFile; fileRef = 2973758A2CCE41BE0070D793 /* test1.swift */; };
		2973758D2CCE41C80070D793 /* test2.swift in Sources */ = {isa = PBXBuildFile; fileRef = 2973758C2CCE41C80070D793 /* test2.swift */; };
		2973758F2CCECF8A0070D793 /* Gesture.swift in Sources */ = {isa = PBXBuildFile; fileRef = 2973758E2CCECF8A0070D793 /* Gesture.swift */; };
		297375A82CD06E510070D793 /* ingrediants.swift in Sources */ = {isa = PBXBuildFile; fileRef = 297375A72CD06E510070D793 /* ingrediants.swift */; };
		297375AC2CD06F260070D793 /* ViewModel.swift in Sources */ = {isa = PBXBuildFile; fileRef = 297375AB2CD06F260070D793 /* ViewModel.swift */; };
		297375AE2CD0706C0070D793 /* Model.swift in Sources */ = {isa = PBXBuildFile; fileRef = 297375AD2CD0706C0070D793 /* Model.swift */; };
/* End PBXBuildFile section */

/* Begin PBXContainerItemProxy section */
		2973756E2CCE41AB0070D793 /* PBXContainerItemProxy */ = {
			isa = PBXContainerItemProxy;
			containerPortal = 297375552CCE41AA0070D793 /* Project object */;
			proxyType = 1;
			remoteGlobalIDString = 2973755C2CCE41AA0070D793;
			remoteInfo = test;
		};
		297375782CCE41AB0070D793 /* PBXContainerItemProxy */ = {
			isa = PBXContainerItemProxy;
			containerPortal = 297375552CCE41AA0070D793 /* Project object */;
			proxyType = 1;
			remoteGlobalIDString = 2973755C2CCE41AA0070D793;
			remoteInfo = test;
		};
/* End PBXContainerItemProxy section */

/* Begin PBXFileReference section */
		2973755D2CCE41AA0070D793 /* test.app */ = {isa = PBXFileReference; explicitFileType = wrapper.application; includeInIndex = 0; path = test.app; sourceTree = BUILT_PRODUCTS_DIR; };
		297375602CCE41AA0070D793 /* testApp.swift */ = {isa = PBXFileReference; lastKnownFileType = sourcecode.swift; path = testApp.swift; sourceTree = "<group>"; };
		297375622CCE41AA0070D793 /* ContentView.swift */ = {isa = PBXFileReference; lastKnownFileType = sourcecode.swift; path = ContentView.swift; sourceTree = "<group>"; };
		297375642CCE41AB0070D793 /* Assets.xcassets */ = {isa = PBXFileReference; lastKnownFileType = folder.assetcatalog; path = Assets.xcassets; sourceTree = "<group>"; };
		297375672CCE41AB0070D793 /* Preview Assets.xcassets */ = {isa = PBXFileReference; lastKnownFileType = folder.assetcatalog; path = "Preview Assets.xcassets"; sourceTree = "<group>"; };
		2973756D2CCE41AB0070D793 /* testTests.xctest */ = {isa = PBXFileReference; explicitFileType = wrapper.cfbundle; includeInIndex = 0; path = testTests.xctest; sourceTree = BUILT_PRODUCTS_DIR; };
		297375712CCE41AB0070D793 /* testTests.swift */ = {isa = PBXFileReference; lastKnownFileType = sourcecode.swift; path = testTests.swift; sourceTree = "<group>"; };
		297375772CCE41AB0070D793 /* testUITests.xctest */ = {isa = PBXFileReference; explicitFileType = wrapper.cfbundle; includeInIndex = 0; path = testUITests.xctest; sourceTree = BUILT_PRODUCTS_DIR; };
		2973757B2CCE41AB0070D793 /* testUITests.swift */ = {isa = PBXFileReference; lastKnownFileType = sourcecode.swift; path = testUITests.swift; sourceTree = "<group>"; };
		2973757D2CCE41AB0070D793 /* testUITestsLaunchTests.swift */ = {isa = PBXFileReference; lastKnownFileType = sourcecode.swift; path = testUITestsLaunchTests.swift; sourceTree = "<group>"; };
		2973758A2CCE41BE0070D793 /* test1.swift */ = {isa = PBXFileReference; lastKnownFileType = sourcecode.swift; path = test1.swift; sourceTree = "<group>"; };
		2973758C2CCE41C80070D793 /* test2.swift */ = {isa = PBXFileReference; lastKnownFileType = sourcecode.swift; path = test2.swift; sourceTree = "<group>"; };
		2973758E2CCECF8A0070D793 /* Gesture.swift */ = {isa = PBXFileReference; lastKnownFileType = sourcecode.swift; path = Gesture.swift; sourceTree = "<group>"; };
		297375A72CD06E510070D793 /* ingrediants.swift */ = {isa = PBXFileReference; lastKnownFileType = sourcecode.swift; path = ingrediants.swift; sourceTree = "<group>"; };
		297375AB2CD06F260070D793 /* ViewModel.swift */ = {isa = PBXFileReference; lastKnownFileType = sourcecode.swift; path = ViewModel.swift; sourceTree = "<group>"; };
		297375AD2CD0706C0070D793 /* Model.swift */ = {isa = PBXFileReference; lastKnownFileType = sourcecode.swift; path = Model.swift; sourceTree = "<group>"; };
/* End PBXFileReference section */

/* Begin PBXFrameworksBuildPhase section */
		2973755A2CCE41AA0070D793 /* Frameworks */ = {
			isa = PBXFrameworksBuildPhase;
			buildActionMask = 2147483647;
			files = (
			);
			runOnlyForDeploymentPostprocessing = 0;
		};
		2973756A2CCE41AB0070D793 /* Frameworks */ = {
			isa = PBXFrameworksBuildPhase;
			buildActionMask = 2147483647;
			files = (
			);
			runOnlyForDeploymentPostprocessing = 0;
		};
		297375742CCE41AB0070D793 /* Frameworks */ = {
			isa = PBXFrameworksBuildPhase;
			buildActionMask = 2147483647;
			files = (
			);
			runOnlyForDeploymentPostprocessing = 0;
		};
/* End PBXFrameworksBuildPhase section */

/* Begin PBXGroup section */
		297375542CCE41AA0070D793 = {
			isa = PBXGroup;
			children = (
				297375A72CD06E510070D793 /* ingrediants.swift */,
				297375AB2CD06F260070D793 /* ViewModel.swift */,
				297375AD2CD0706C0070D793 /* Model.swift */,
				2973755F2CCE41AA0070D793 /* test */,
				297375702CCE41AB0070D793 /* testTests */,
				2973757A2CCE41AB0070D793 /* testUITests */,
				2973755E2CCE41AA0070D793 /* Products */,
			);
			sourceTree = "<group>";
		};
		2973755E2CCE41AA0070D793 /* Products */ = {
			isa = PBXGroup;
			children = (
				2973755D2CCE41AA0070D793 /* test.app */,
				2973756D2CCE41AB0070D793 /* testTests.xctest */,
				297375772CCE41AB0070D793 /* testUITests.xctest */,
			);
			name = Products;
			sourceTree = "<group>";
		};
		2973755F2CCE41AA0070D793 /* test */ = {
			isa = PBXGroup;
			children = (
				297375602CCE41AA0070D793 /* testApp.swift */,
				297375622CCE41AA0070D793 /* ContentView.swift */,
				2973758A2CCE41BE0070D793 /* test1.swift */,
				2973758C2CCE41C80070D793 /* test2.swift */,
				2973758E2CCECF8A0070D793 /* Gesture.swift */,
				297375642CCE41AB0070D793 /* Assets.xcassets */,
				297375662CCE41AB0070D793 /* Preview Content */,
			);
			path = test;
			sourceTree = "<group>";
		};
		297375662CCE41AB0070D793 /* Preview Content */ = {
			isa = PBXGroup;
			children = (
				297375672CCE41AB0070D793 /* Preview Assets.xcassets */,
			);
			path = "Preview Content";
			sourceTree = "<group>";
		};
		297375702CCE41AB0070D793 /* testTests */ = {
			isa = PBXGroup;
			children = (
				297375712CCE41AB0070D793 /* testTests.swift */,
			);
			path = testTests;
			sourceTree = "<group>";
		};
		2973757A2CCE41AB0070D793 /* testUITests */ = {
			isa = PBXGroup;
			children = (
				2973757B2CCE41AB0070D793 /* testUITests.swift */,
				2973757D2CCE41AB0070D793 /* testUITestsLaunchTests.swift */,
			);
			path = testUITests;
			sourceTree = "<group>";
		};
/* End PBXGroup section */

/* Begin PBXNativeTarget section */
		2973755C2CCE41AA0070D793 /* test */ = {
			isa = PBXNativeTarget;
			buildConfigurationList = 297375812CCE41AB0070D793 /* Build configuration list for PBXNativeTarget "test" */;
			buildPhases = (
				297375592CCE41AA0070D793 /* Sources */,
				2973755A2CCE41AA0070D793 /* Frameworks */,
				2973755B2CCE41AA0070D793 /* Resources */,
			);
			buildRules = (
			);
			dependencies = (
			);
			name = test;
			productName = test;
			productReference = 2973755D2CCE41AA0070D793 /* test.app */;
			productType = "com.apple.product-type.application";
		};
		2973756C2CCE41AB0070D793 /* testTests */ = {
			isa = PBXNativeTarget;
			buildConfigurationList = 297375842CCE41AB0070D793 /* Build configuration list for PBXNativeTarget "testTests" */;
			buildPhases = (
				297375692CCE41AB0070D793 /* Sources */,
				2973756A2CCE41AB0070D793 /* Frameworks */,
				2973756B2CCE41AB0070D793 /* Resources */,
			);
			buildRules = (
			);
			dependencies = (
				2973756F2CCE41AB0070D793 /* PBXTargetDependency */,
			);
			name = testTests;
			productName = testTests;
			productReference = 2973756D2CCE41AB0070D793 /* testTests.xctest */;
			productType = "com.apple.product-type.bundle.unit-test";
		};
		297375762CCE41AB0070D793 /* testUITests */ = {
			isa = PBXNativeTarget;
			buildConfigurationList = 297375872CCE41AB0070D793 /* Build configuration list for PBXNativeTarget "testUITests" */;
			buildPhases = (
				297375732CCE41AB0070D793 /* Sources */,
				297375742CCE41AB0070D793 /* Frameworks */,
				297375752CCE41AB0070D793 /* Resources */,
			);
			buildRules = (
			);
			dependencies = (
				297375792CCE41AB0070D793 /* PBXTargetDependency */,
			);
			name = testUITests;
			productName = testUITests;
			productReference = 297375772CCE41AB0070D793 /* testUITests.xctest */;
			productType = "com.apple.product-type.bundle.ui-testing";
		};
/* End PBXNativeTarget section */

/* Begin PBXProject section */
		297375552CCE41AA0070D793 /* Project object */ = {
			isa = PBXProject;
			attributes = {
				BuildIndependentTargetsInParallel = 1;
				LastSwiftUpdateCheck = 1540;
				LastUpgradeCheck = 1540;
				TargetAttributes = {
					2973755C2CCE41AA0070D793 = {
						CreatedOnToolsVersion = 15.4;
					};
					2973756C2CCE41AB0070D793 = {
						CreatedOnToolsVersion = 15.4;
						TestTargetID = 2973755C2CCE41AA0070D793;
					};
					297375762CCE41AB0070D793 = {
						CreatedOnToolsVersion = 15.4;
						TestTargetID = 2973755C2CCE41AA0070D793;
					};
				};
			};
			buildConfigurationList = 297375582CCE41AA0070D793 /* Build configuration list for PBXProject "test" */;
			compatibilityVersion = "Xcode 14.0";
			developmentRegion = en;
			hasScannedForEncodings = 0;
			knownRegions = (
				en,
				Base,
			);
			mainGroup = 297375542CCE41AA0070D793;
			productRefGroup = 2973755E2CCE41AA0070D793 /* Products */;
			projectDirPath = "";
			projectRoot = "";
			targets = (
				2973755C2CCE41AA0070D793 /* test */,
				2973756C2CCE41AB0070D793 /* testTests */,
				297375762CCE41AB0070D793 /* testUITests */,
			);
		};
/* End PBXProject section */

/* Begin PBXResourcesBuildPhase section */
		2973755B2CCE41AA0070D793 /* Resources */ = {
			isa = PBXResourcesBuildPhase;
			buildActionMask = 2147483647;
			files = (
				297375682CCE41AB0070D793 /* Preview Assets.xcassets in Resources */,
				297375652CCE41AB0070D793 /* Assets.xcassets in Resources */,
			);
			runOnlyForDeploymentPostprocessing = 0;
		};
		2973756B2CCE41AB0070D793 /* Resources */ = {
			isa = PBXResourcesBuildPhase;
			buildActionMask = 2147483647;
			files = (
			);
			runOnlyForDeploymentPostprocessing = 0;
		};
		297375752CCE41AB0070D793 /* Resources */ = {
			isa = PBXResourcesBuildPhase;
			buildActionMask = 2147483647;
			files = (
			);
			runOnlyForDeploymentPostprocessing = 0;
		};
/* End PBXResourcesBuildPhase section */

/* Begin PBXSourcesBuildPhase section */
		297375592CCE41AA0070D793 /* Sources */ = {
			isa = PBXSourcesBuildPhase;
			buildActionMask = 2147483647;
			files = (
				297375AC2CD06F260070D793 /* ViewModel.swift in Sources */,
				297375A82CD06E510070D793 /* ingrediants.swift in Sources */,
				2973758D2CCE41C80070D793 /* test2.swift in Sources */,
				297375632CCE41AA0070D793 /* ContentView.swift in Sources */,
				2973758F2CCECF8A0070D793 /* Gesture.swift in Sources */,
				2973758B2CCE41BE0070D793 /* test1.swift in Sources */,
				297375612CCE41AA0070D793 /* testApp.swift in Sources */,
				297375AE2CD0706C0070D793 /* Model.swift in Sources */,
			);
			runOnlyForDeploymentPostprocessing = 0;
		};
		297375692CCE41AB0070D793 /* Sources */ = {
			isa = PBXSourcesBuildPhase;
			buildActionMask = 2147483647;
			files = (
				297375722CCE41AB0070D793 /* testTests.swift in Sources */,
			);
			runOnlyForDeploymentPostprocessing = 0;
		};
		297375732CCE41AB0070D793 /* Sources */ = {
			isa = PBXSourcesBuildPhase;
			buildActionMask = 2147483647;
			files = (
				2973757E2CCE41AB0070D793 /* testUITestsLaunchTests.swift in Sources */,
				2973757C2CCE41AB0070D793 /* testUITests.swift in Sources */,
			);
			runOnlyForDeploymentPostprocessing = 0;
		};
/* End PBXSourcesBuildPhase section */

/* Begin PBXTargetDependency section */
		2973756F2CCE41AB0070D793 /* PBXTargetDependency */ = {
			isa = PBXTargetDependency;
			target = 2973755C2CCE41AA0070D793 /* test */;
			targetProxy = 2973756E2CCE41AB0070D793 /* PBXContainerItemProxy */;
		};
		297375792CCE41AB0070D793 /* PBXTargetDependency */ = {
			isa = PBXTargetDependency;
			target = 2973755C2CCE41AA0070D793 /* test */;
			targetProxy = 297375782CCE41AB0070D793 /* PBXContainerItemProxy */;
		};
/* End PBXTargetDependency section */

/* Begin XCBuildConfiguration section */
		2973757F2CCE41AB0070D793 /* Debug */ = {
			isa = XCBuildConfiguration;
			buildSettings = {
				ALWAYS_SEARCH_USER_PATHS = NO;
				ASSETCATALOG_COMPILER_GENERATE_SWIFT_ASSET_SYMBOL_EXTENSIONS = YES;
				CLANG_ANALYZER_NONNULL = YES;
				CLANG_ANALYZER_NUMBER_OBJECT_CONVERSION = YES_AGGRESSIVE;
				CLANG_CXX_LANGUAGE_STANDARD = "gnu++20";
				CLANG_ENABLE_MODULES = YES;
				CLANG_ENABLE_OBJC_ARC = YES;
				CLANG_ENABLE_OBJC_WEAK = YES;
				CLANG_WARN_BLOCK_CAPTURE_AUTORELEASING = YES;
				CLANG_WARN_BOOL_CONVERSION = YES;
				CLANG_WARN_COMMA = YES;
				CLANG_WARN_CONSTANT_CONVERSION = YES;
				CLANG_WARN_DEPRECATED_OBJC_IMPLEMENTATIONS = YES;
				CLANG_WARN_DIRECT_OBJC_ISA_USAGE = YES_ERROR;
				CLANG_WARN_DOCUMENTATION_COMMENTS = YES;
				CLANG_WARN_EMPTY_BODY = YES;
				CLANG_WARN_ENUM_CONVERSION = YES;
				CLANG_WARN_INFINITE_RECURSION = YES;
				CLANG_WARN_INT_CONVERSION = YES;
				CLANG_WARN_NON_LITERAL_NULL_CONVERSION = YES;
				CLANG_WARN_OBJC_IMPLICIT_RETAIN_SELF = YES;
				CLANG_WARN_OBJC_LITERAL_CONVERSION = YES;
				CLANG_WARN_OBJC_ROOT_CLASS = YES_ERROR;
				CLANG_WARN_QUOTED_INCLUDE_IN_FRAMEWORK_HEADER = YES;
				CLANG_WARN_RANGE_LOOP_ANALYSIS = YES;
				CLANG_WARN_STRICT_PROTOTYPES = YES;
				CLANG_WARN_SUSPICIOUS_MOVE = YES;
				CLANG_WARN_UNGUARDED_AVAILABILITY = YES_AGGRESSIVE;
				CLANG_WARN_UNREACHABLE_CODE = YES;
				CLANG_WARN__DUPLICATE_METHOD_MATCH = YES;
				COPY_PHASE_STRIP = NO;
				DEBUG_INFORMATION_FORMAT = dwarf;
				ENABLE_STRICT_OBJC_MSGSEND = YES;
				ENABLE_TESTABILITY = YES;
				ENABLE_USER_SCRIPT_SANDBOXING = YES;
				GCC_C_LANGUAGE_STANDARD = gnu17;
				GCC_DYNAMIC_NO_PIC = NO;
				GCC_NO_COMMON_BLOCKS = YES;
				GCC_OPTIMIZATION_LEVEL = 0;
				GCC_PREPROCESSOR_DEFINITIONS = (
					"DEBUG=1",
					"$(inherited)",
				);
				GCC_WARN_64_TO_32_BIT_CONVERSION = YES;
				GCC_WARN_ABOUT_RETURN_TYPE = YES_ERROR;
				GCC_WARN_UNDECLARED_SELECTOR = YES;
				GCC_WARN_UNINITIALIZED_AUTOS = YES_AGGRESSIVE;
				GCC_WARN_UNUSED_FUNCTION = YES;
				GCC_WARN_UNUSED_VARIABLE = YES;
				IPHONEOS_DEPLOYMENT_TARGET = 17.5;
				LOCALIZATION_PREFERS_STRING_CATALOGS = YES;
				MTL_ENABLE_DEBUG_INFO = INCLUDE_SOURCE;
				MTL_FAST_MATH = YES;
				ONLY_ACTIVE_ARCH = YES;
				SDKROOT = iphoneos;
				SWIFT_ACTIVE_COMPILATION_CONDITIONS = "DEBUG $(inherited)";
				SWIFT_OPTIMIZATION_LEVEL = "-Onone";
			};
			name = Debug;
		};
		297375802CCE41AB0070D793 /* Release */ = {
			isa = XCBuildConfiguration;
			buildSettings = {
				ALWAYS_SEARCH_USER_PATHS = NO;
				ASSETCATALOG_COMPILER_GENERATE_SWIFT_ASSET_SYMBOL_EXTENSIONS = YES;
				CLANG_ANALYZER_NONNULL = YES;
				CLANG_ANALYZER_NUMBER_OBJECT_CONVERSION = YES_AGGRESSIVE;
				CLANG_CXX_LANGUAGE_STANDARD = "gnu++20";
				CLANG_ENABLE_MODULES = YES;
				CLANG_ENABLE_OBJC_ARC = YES;
				CLANG_ENABLE_OBJC_WEAK = YES;
				CLANG_WARN_BLOCK_CAPTURE_AUTORELEASING = YES;
				CLANG_WARN_BOOL_CONVERSION = YES;
				CLANG_WARN_COMMA = YES;
				CLANG_WARN_CONSTANT_CONVERSION = YES;
				CLANG_WARN_DEPRECATED_OBJC_IMPLEMENTATIONS = YES;
				CLANG_WARN_DIRECT_OBJC_ISA_USAGE = YES_ERROR;
				CLANG_WARN_DOCUMENTATION_COMMENTS = YES;
				CLANG_WARN_EMPTY_BODY = YES;
				CLANG_WARN_ENUM_CONVERSION = YES;
				CLANG_WARN_INFINITE_RECURSION = YES;
				CLANG_WARN_INT_CONVERSION = YES;
				CLANG_WARN_NON_LITERAL_NULL_CONVERSION = YES;
				CLANG_WARN_OBJC_IMPLICIT_RETAIN_SELF = YES;
				CLANG_WARN_OBJC_LITERAL_CONVERSION = YES;
				CLANG_WARN_OBJC_ROOT_CLASS = YES_ERROR;
				CLANG_WARN_QUOTED_INCLUDE_IN_FRAMEWORK_HEADER = YES;
				CLANG_WARN_RANGE_LOOP_ANALYSIS = YES;
				CLANG_WARN_STRICT_PROTOTYPES = YES;
				CLANG_WARN_SUSPICIOUS_MOVE = YES;
				CLANG_WARN_UNGUARDED_AVAILABILITY = YES_AGGRESSIVE;
				CLANG_WARN_UNREACHABLE_CODE = YES;
				CLANG_WARN__DUPLICATE_METHOD_MATCH = YES;
				COPY_PHASE_STRIP = NO;
				DEBUG_INFORMATION_FORMAT = "dwarf-with-dsym";
				ENABLE_NS_ASSERTIONS = NO;
				ENABLE_STRICT_OBJC_MSGSEND = YES;
				ENABLE_USER_SCRIPT_SANDBOXING = YES;
				GCC_C_LANGUAGE_STANDARD = gnu17;
				GCC_NO_COMMON_BLOCKS = YES;
				GCC_WARN_64_TO_32_BIT_CONVERSION = YES;
				GCC_WARN_ABOUT_RETURN_TYPE = YES_ERROR;
				GCC_WARN_UNDECLARED_SELECTOR = YES;
				GCC_WARN_UNINITIALIZED_AUTOS = YES_AGGRESSIVE;
				GCC_WARN_UNUSED_FUNCTION = YES;
				GCC_WARN_UNUSED_VARIABLE = YES;
				IPHONEOS_DEPLOYMENT_TARGET = 17.5;
				LOCALIZATION_PREFERS_STRING_CATALOGS = YES;
				MTL_ENABLE_DEBUG_INFO = NO;
				MTL_FAST_MATH = YES;
				SDKROOT = iphoneos;
				SWIFT_COMPILATION_MODE = wholemodule;
				VALIDATE_PRODUCT = YES;
			};
			name = Release;
		};
		297375822CCE41AB0070D793 /* Debug */ = {
			isa = XCBuildConfiguration;
			buildSettings = {
				ASSETCATALOG_COMPILER_APPICON_NAME = AppIcon;
				ASSETCATALOG_COMPILER_GLOBAL_ACCENT_COLOR_NAME = AccentColor;
				CODE_SIGN_STYLE = Automatic;
				CURRENT_PROJECT_VERSION = 1;
				DEVELOPMENT_ASSET_PATHS = "\"test/Preview Content\"";
				ENABLE_PREVIEWS = YES;
				GENERATE_INFOPLIST_FILE = YES;
				INFOPLIST_KEY_UIApplicationSceneManifest_Generation = YES;
				INFOPLIST_KEY_UIApplicationSupportsIndirectInputEvents = YES;
				INFOPLIST_KEY_UILaunchScreen_Generation = YES;
				INFOPLIST_KEY_UISupportedInterfaceOrientations_iPad = "UIInterfaceOrientationPortrait UIInterfaceOrientationPortraitUpsideDown UIInterfaceOrientationLandscapeLeft UIInterfaceOrientationLandscapeRight";
				INFOPLIST_KEY_UISupportedInterfaceOrientations_iPhone = "UIInterfaceOrientationPortrait UIInterfaceOrientationLandscapeLeft UIInterfaceOrientationLandscapeRight";
				LD_RUNPATH_SEARCH_PATHS = (
					"$(inherited)",
					"@executable_path/Frameworks",
				);
				MARKETING_VERSION = 1.0;
				PRODUCT_BUNDLE_IDENTIFIER = com.Shaden.test;
				PRODUCT_NAME = "$(TARGET_NAME)";
				SWIFT_EMIT_LOC_STRINGS = YES;
				SWIFT_VERSION = 5.0;
				TARGETED_DEVICE_FAMILY = "1,2";
			};
			name = Debug;
		};
		297375832CCE41AB0070D793 /* Release */ = {
			isa = XCBuildConfiguration;
			buildSettings = {
				ASSETCATALOG_COMPILER_APPICON_NAME = AppIcon;
				ASSETCATALOG_COMPILER_GLOBAL_ACCENT_COLOR_NAME = AccentColor;
				CODE_SIGN_STYLE = Automatic;
				CURRENT_PROJECT_VERSION = 1;
				DEVELOPMENT_ASSET_PATHS = "\"test/Preview Content\"";
				ENABLE_PREVIEWS = YES;
				GENERATE_INFOPLIST_FILE = YES;
				INFOPLIST_KEY_UIApplicationSceneManifest_Generation = YES;
				INFOPLIST_KEY_UIApplicationSupportsIndirectInputEvents = YES;
				INFOPLIST_KEY_UILaunchScreen_Generation = YES;
				INFOPLIST_KEY_UISupportedInterfaceOrientations_iPad = "UIInterfaceOrientationPortrait UIInterfaceOrientationPortraitUpsideDown UIInterfaceOrientationLandscapeLeft UIInterfaceOrientationLandscapeRight";
				INFOPLIST_KEY_UISupportedInterfaceOrientations_iPhone = "UIInterfaceOrientationPortrait UIInterfaceOrientationLandscapeLeft UIInterfaceOrientationLandscapeRight";
				LD_RUNPATH_SEARCH_PATHS = (
					"$(inherited)",
					"@executable_path/Frameworks",
				);
				MARKETING_VERSION = 1.0;
				PRODUCT_BUNDLE_IDENTIFIER = com.Shaden.test;
				PRODUCT_NAME = "$(TARGET_NAME)";
				SWIFT_EMIT_LOC_STRINGS = YES;
				SWIFT_VERSION = 5.0;
				TARGETED_DEVICE_FAMILY = "1,2";
			};
			name = Release;
		};
		297375852CCE41AB0070D793 /* Debug */ = {
			isa = XCBuildConfiguration;
			buildSettings = {
				ALWAYS_EMBED_SWIFT_STANDARD_LIBRARIES = YES;
				BUNDLE_LOADER = "$(TEST_HOST)";
				CODE_SIGN_STYLE = Automatic;
				CURRENT_PROJECT_VERSION = 1;
				GENERATE_INFOPLIST_FILE = YES;
				IPHONEOS_DEPLOYMENT_TARGET = 17.5;
				MARKETING_VERSION = 1.0;
				PRODUCT_BUNDLE_IDENTIFIER = com.Shaden.testTests;
				PRODUCT_NAME = "$(TARGET_NAME)";
				SWIFT_EMIT_LOC_STRINGS = NO;
				SWIFT_VERSION = 5.0;
				TARGETED_DEVICE_FAMILY = "1,2";
				TEST_HOST = "$(BUILT_PRODUCTS_DIR)/test.app/$(BUNDLE_EXECUTABLE_FOLDER_PATH)/test";
			};
			name = Debug;
		};
		297375862CCE41AB0070D793 /* Release */ = {
			isa = XCBuildConfiguration;
			buildSettings = {
				ALWAYS_EMBED_SWIFT_STANDARD_LIBRARIES = YES;
				BUNDLE_LOADER = "$(TEST_HOST)";
				CODE_SIGN_STYLE = Automatic;
				CURRENT_PROJECT_VERSION = 1;
				GENERATE_INFOPLIST_FILE = YES;
				IPHONEOS_DEPLOYMENT_TARGET = 17.5;
				MARKETING_VERSION = 1.0;
				PRODUCT_BUNDLE_IDENTIFIER = com.Shaden.testTests;
				PRODUCT_NAME = "$(TARGET_NAME)";
				SWIFT_EMIT_LOC_STRINGS = NO;
				SWIFT_VERSION = 5.0;
				TARGETED_DEVICE_FAMILY = "1,2";
				TEST_HOST = "$(BUILT_PRODUCTS_DIR)/test.app/$(BUNDLE_EXECUTABLE_FOLDER_PATH)/test";
			};
			name = Release;
		};
		297375882CCE41AB0070D793 /* Debug */ = {
			isa = XCBuildConfiguration;
			buildSettings = {
				ALWAYS_EMBED_SWIFT_STANDARD_LIBRARIES = YES;
				CODE_SIGN_STYLE = Automatic;
				CURRENT_PROJECT_VERSION = 1;
				GENERATE_INFOPLIST_FILE = YES;
				MARKETING_VERSION = 1.0;
				PRODUCT_BUNDLE_IDENTIFIER = com.Shaden.testUITests;
				PRODUCT_NAME = "$(TARGET_NAME)";
				SWIFT_EMIT_LOC_STRINGS = NO;
				SWIFT_VERSION = 5.0;
				TARGETED_DEVICE_FAMILY = "1,2";
				TEST_TARGET_NAME = test;
			};
			name = Debug;
		};
		297375892CCE41AB0070D793 /* Release */ = {
			isa = XCBuildConfiguration;
			buildSettings = {
				ALWAYS_EMBED_SWIFT_STANDARD_LIBRARIES = YES;
				CODE_SIGN_STYLE = Automatic;
				CURRENT_PROJECT_VERSION = 1;
				GENERATE_INFOPLIST_FILE = YES;
				MARKETING_VERSION = 1.0;
				PRODUCT_BUNDLE_IDENTIFIER = com.Shaden.testUITests;
				PRODUCT_NAME = "$(TARGET_NAME)";
				SWIFT_EMIT_LOC_STRINGS = NO;
				SWIFT_VERSION = 5.0;
				TARGETED_DEVICE_FAMILY = "1,2";
				TEST_TARGET_NAME = test;
			};
			name = Release;
		};
/* End XCBuildConfiguration section */

/* Begin XCConfigurationList section */
		297375582CCE41AA0070D793 /* Build configuration list for PBXProject "test" */ = {
			isa = XCConfigurationList;
			buildConfigurations = (
				2973757F2CCE41AB0070D793 /* Debug */,
				297375802CCE41AB0070D793 /* Release */,
			);
			defaultConfigurationIsVisible = 0;
			defaultConfigurationName = Release;
		};
		297375812CCE41AB0070D793 /* Build configuration list for PBXNativeTarget "test" */ = {
			isa = XCConfigurationList;
			buildConfigurations = (
				297375822CCE41AB0070D793 /* Debug */,
				297375832CCE41AB0070D793 /* Release */,
			);
			defaultConfigurationIsVisible = 0;
			defaultConfigurationName = Release;
		};
		297375842CCE41AB0070D793 /* Build configuration list for PBXNativeTarget "testTests" */ = {
			isa = XCConfigurationList;
			buildConfigurations = (
				297375852CCE41AB0070D793 /* Debug */,
				297375862CCE41AB0070D793 /* Release */,
			);
			defaultConfigurationIsVisible = 0;
			defaultConfigurationName = Release;
		};
		297375872CCE41AB0070D793 /* Build configuration list for PBXNativeTarget "testUITests" */ = {
			isa = XCConfigurationList;
			buildConfigurations = (
				297375882CCE41AB0070D793 /* Debug */,
				297375892CCE41AB0070D793 /* Release */,
			);
			defaultConfigurationIsVisible = 0;
			defaultConfigurationName = Release;
		};
/* End XCConfigurationList section */
	};
	rootObject = 297375552CCE41AA0070D793 /* Project object */;
}
