// !$*UTF8*$!
{
	archiveVersion = 1;
	classes = {
	};
	objectVersion = 56;
	objects = {

/* Begin PBXBuildFile section */
		297375372CC635710070D793 /* Main Page.swift in Sources */ = {isa = PBXBuildFile; fileRef = 297375362CC635710070D793 /* Main Page.swift */; };
		2973753B2CC78B230070D793 /* New Recipe.swift in Sources */ = {isa = PBXBuildFile; fileRef = 2973753A2CC78B230070D793 /* New Recipe.swift */; };
		2973753D2CC808090070D793 /* Food Recipes  .swift in Sources */ = {isa = PBXBuildFile; fileRef = 2973753C2CC808090070D793 /* Food Recipes  .swift */; };
		297375452CC986EB0070D793 /* CustomPopupView.swift in Sources */ = {isa = PBXBuildFile; fileRef = 297375442CC986EB0070D793 /* CustomPopupView.swift */; };
		297375472CCA1EA10070D793 /* Cake Baker.swift in Sources */ = {isa = PBXBuildFile; fileRef = 297375462CCA1EA10070D793 /* Cake Baker.swift */; };
		297375492CCA21BF0070D793 /* WaterTraker.swift in Sources */ = {isa = PBXBuildFile; fileRef = 297375482CCA21BF0070D793 /* WaterTraker.swift */; };
		2973754B2CCA22030070D793 /* WaterTraker 2.swift in Sources */ = {isa = PBXBuildFile; fileRef = 2973754A2CCA22030070D793 /* WaterTraker 2.swift */; };
		2973754D2CCD5E460070D793 /* Test.swift in Sources */ = {isa = PBXBuildFile; fileRef = 2973754C2CCD5E460070D793 /* Test.swift */; };
		297375532CCE37960070D793 /* test2.swift in Sources */ = {isa = PBXBuildFile; fileRef = 297375522CCE37960070D793 /* test2.swift */; };
		29DAA6742CC62FB200862EA1 /* Recipe_AppApp.swift in Sources */ = {isa = PBXBuildFile; fileRef = 29DAA6732CC62FB200862EA1 /* Recipe_AppApp.swift */; };
		29DAA6762CC62FB200862EA1 /* ContentView.swift in Sources */ = {isa = PBXBuildFile; fileRef = 29DAA6752CC62FB200862EA1 /* ContentView.swift */; };
		29DAA6782CC62FB200862EA1 /* Assets.xcassets in Resources */ = {isa = PBXBuildFile; fileRef = 29DAA6772CC62FB200862EA1 /* Assets.xcassets */; };
		29DAA67B2CC62FB200862EA1 /* Preview Assets.xcassets in Resources */ = {isa = PBXBuildFile; fileRef = 29DAA67A2CC62FB200862EA1 /* Preview Assets.xcassets */; };
		29DAA6852CC62FB200862EA1 /* Recipe_AppTests.swift in Sources */ = {isa = PBXBuildFile; fileRef = 29DAA6842CC62FB200862EA1 /* Recipe_AppTests.swift */; };
		29DAA68F2CC62FB200862EA1 /* Recipe_AppUITests.swift in Sources */ = {isa = PBXBuildFile; fileRef = 29DAA68E2CC62FB200862EA1 /* Recipe_AppUITests.swift */; };
		29DAA6912CC62FB200862EA1 /* Recipe_AppUITestsLaunchTests.swift in Sources */ = {isa = PBXBuildFile; fileRef = 29DAA6902CC62FB200862EA1 /* Recipe_AppUITestsLaunchTests.swift */; };
/* End PBXBuildFile section */

/* Begin PBXContainerItemProxy section */
		29DAA6812CC62FB200862EA1 /* PBXContainerItemProxy */ = {
			isa = PBXContainerItemProxy;
			containerPortal = 29DAA6682CC62FB100862EA1 /* Project object */;
			proxyType = 1;
			remoteGlobalIDString = 29DAA66F2CC62FB200862EA1;
			remoteInfo = "Recipe App";
		};
		29DAA68B2CC62FB200862EA1 /* PBXContainerItemProxy */ = {
			isa = PBXContainerItemProxy;
			containerPortal = 29DAA6682CC62FB100862EA1 /* Project object */;
			proxyType = 1;
			remoteGlobalIDString = 29DAA66F2CC62FB200862EA1;
			remoteInfo = "Recipe App";
		};
/* End PBXContainerItemProxy section */

/* Begin PBXFileReference section */
		297375362CC635710070D793 /* Main Page.swift */ = {isa = PBXFileReference; lastKnownFileType = sourcecode.swift; path = "Main Page.swift"; sourceTree = "<group>"; };
		2973753A2CC78B230070D793 /* New Recipe.swift */ = {isa = PBXFileReference; lastKnownFileType = sourcecode.swift; path = "New Recipe.swift"; sourceTree = "<group>"; };
		2973753C2CC808090070D793 /* Food Recipes  .swift */ = {isa = PBXFileReference; lastKnownFileType = sourcecode.swift; path = "Food Recipes  .swift"; sourceTree = "<group>"; };
		297375442CC986EB0070D793 /* CustomPopupView.swift */ = {isa = PBXFileReference; lastKnownFileType = sourcecode.swift; path = CustomPopupView.swift; sourceTree = "<group>"; };
		297375462CCA1EA10070D793 /* Cake Baker.swift */ = {isa = PBXFileReference; lastKnownFileType = sourcecode.swift; path = "Cake Baker.swift"; sourceTree = "<group>"; };
		297375482CCA21BF0070D793 /* WaterTraker.swift */ = {isa = PBXFileReference; lastKnownFileType = sourcecode.swift; path = WaterTraker.swift; sourceTree = "<group>"; };
		2973754A2CCA22030070D793 /* WaterTraker 2.swift */ = {isa = PBXFileReference; lastKnownFileType = sourcecode.swift; path = "WaterTraker 2.swift"; sourceTree = "<group>"; };
		2973754C2CCD5E460070D793 /* Test.swift */ = {isa = PBXFileReference; lastKnownFileType = sourcecode.swift; path = Test.swift; sourceTree = "<group>"; };
		297375522CCE37960070D793 /* test2.swift */ = {isa = PBXFileReference; lastKnownFileType = sourcecode.swift; path = test2.swift; sourceTree = "<group>"; };
		29DAA6702CC62FB200862EA1 /* Recipe App.app */ = {isa = PBXFileReference; explicitFileType = wrapper.application; includeInIndex = 0; path = "Recipe App.app"; sourceTree = BUILT_PRODUCTS_DIR; };
		29DAA6732CC62FB200862EA1 /* Recipe_AppApp.swift */ = {isa = PBXFileReference; lastKnownFileType = sourcecode.swift; path = Recipe_AppApp.swift; sourceTree = "<group>"; };
		29DAA6752CC62FB200862EA1 /* ContentView.swift */ = {isa = PBXFileReference; lastKnownFileType = sourcecode.swift; path = ContentView.swift; sourceTree = "<group>"; };
		29DAA6772CC62FB200862EA1 /* Assets.xcassets */ = {isa = PBXFileReference; lastKnownFileType = folder.assetcatalog; path = Assets.xcassets; sourceTree = "<group>"; };
		29DAA67A2CC62FB200862EA1 /* Preview Assets.xcassets */ = {isa = PBXFileReference; lastKnownFileType = folder.assetcatalog; path = "Preview Assets.xcassets"; sourceTree = "<group>"; };
		29DAA6802CC62FB200862EA1 /* Recipe AppTests.xctest */ = {isa = PBXFileReference; explicitFileType = wrapper.cfbundle; includeInIndex = 0; path = "Recipe AppTests.xctest"; sourceTree = BUILT_PRODUCTS_DIR; };
		29DAA6842CC62FB200862EA1 /* Recipe_AppTests.swift */ = {isa = PBXFileReference; lastKnownFileType = sourcecode.swift; path = Recipe_AppTests.swift; sourceTree = "<group>"; };
		29DAA68A2CC62FB200862EA1 /* Recipe AppUITests.xctest */ = {isa = PBXFileReference; explicitFileType = wrapper.cfbundle; includeInIndex = 0; path = "Recipe AppUITests.xctest"; sourceTree = BUILT_PRODUCTS_DIR; };
		29DAA68E2CC62FB200862EA1 /* Recipe_AppUITests.swift */ = {isa = PBXFileReference; lastKnownFileType = sourcecode.swift; path = Recipe_AppUITests.swift; sourceTree = "<group>"; };
		29DAA6902CC62FB200862EA1 /* Recipe_AppUITestsLaunchTests.swift */ = {isa = PBXFileReference; lastKnownFileType = sourcecode.swift; path = Recipe_AppUITestsLaunchTests.swift; sourceTree = "<group>"; };
/* End PBXFileReference section */

/* Begin PBXFrameworksBuildPhase section */
		29DAA66D2CC62FB200862EA1 /* Frameworks */ = {
			isa = PBXFrameworksBuildPhase;
			buildActionMask = 2147483647;
			files = (
			);
			runOnlyForDeploymentPostprocessing = 0;
		};
		29DAA67D2CC62FB200862EA1 /* Frameworks */ = {
			isa = PBXFrameworksBuildPhase;
			buildActionMask = 2147483647;
			files = (
			);
			runOnlyForDeploymentPostprocessing = 0;
		};
		29DAA6872CC62FB200862EA1 /* Frameworks */ = {
			isa = PBXFrameworksBuildPhase;
			buildActionMask = 2147483647;
			files = (
			);
			runOnlyForDeploymentPostprocessing = 0;
		};
/* End PBXFrameworksBuildPhase section */

/* Begin PBXGroup section */
		29DAA6672CC62FB100862EA1 = {
			isa = PBXGroup;
			children = (
				29DAA6722CC62FB200862EA1 /* Recipe App */,
				29DAA6832CC62FB200862EA1 /* Recipe AppTests */,
				29DAA68D2CC62FB200862EA1 /* Recipe AppUITests */,
				29DAA6712CC62FB200862EA1 /* Products */,
			);
			sourceTree = "<group>";
		};
		29DAA6712CC62FB200862EA1 /* Products */ = {
			isa = PBXGroup;
			children = (
				29DAA6702CC62FB200862EA1 /* Recipe App.app */,
				29DAA6802CC62FB200862EA1 /* Recipe AppTests.xctest */,
				29DAA68A2CC62FB200862EA1 /* Recipe AppUITests.xctest */,
			);
			name = Products;
			sourceTree = "<group>";
		};
		29DAA6722CC62FB200862EA1 /* Recipe App */ = {
			isa = PBXGroup;
			children = (
				29DAA6732CC62FB200862EA1 /* Recipe_AppApp.swift */,
				29DAA6752CC62FB200862EA1 /* ContentView.swift */,
				297375362CC635710070D793 /* Main Page.swift */,
				2973753C2CC808090070D793 /* Food Recipes  .swift */,
				2973753A2CC78B230070D793 /* New Recipe.swift */,
				297375442CC986EB0070D793 /* CustomPopupView.swift */,
				2973754C2CCD5E460070D793 /* Test.swift */,
				297375522CCE37960070D793 /* test2.swift */,
				297375462CCA1EA10070D793 /* Cake Baker.swift */,
				297375482CCA21BF0070D793 /* WaterTraker.swift */,
				2973754A2CCA22030070D793 /* WaterTraker 2.swift */,
				29DAA6772CC62FB200862EA1 /* Assets.xcassets */,
				29DAA6792CC62FB200862EA1 /* Preview Content */,
			);
			path = "Recipe App";
			sourceTree = "<group>";
		};
		29DAA6792CC62FB200862EA1 /* Preview Content */ = {
			isa = PBXGroup;
			children = (
				29DAA67A2CC62FB200862EA1 /* Preview Assets.xcassets */,
			);
			path = "Preview Content";
			sourceTree = "<group>";
		};
		29DAA6832CC62FB200862EA1 /* Recipe AppTests */ = {
			isa = PBXGroup;
			children = (
				29DAA6842CC62FB200862EA1 /* Recipe_AppTests.swift */,
			);
			path = "Recipe AppTests";
			sourceTree = "<group>";
		};
		29DAA68D2CC62FB200862EA1 /* Recipe AppUITests */ = {
			isa = PBXGroup;
			children = (
				29DAA68E2CC62FB200862EA1 /* Recipe_AppUITests.swift */,
				29DAA6902CC62FB200862EA1 /* Recipe_AppUITestsLaunchTests.swift */,
			);
			path = "Recipe AppUITests";
			sourceTree = "<group>";
		};
/* End PBXGroup section */

/* Begin PBXNativeTarget section */
		29DAA66F2CC62FB200862EA1 /* Recipe App */ = {
			isa = PBXNativeTarget;
			buildConfigurationList = 29DAA6942CC62FB200862EA1 /* Build configuration list for PBXNativeTarget "Recipe App" */;
			buildPhases = (
				29DAA66C2CC62FB200862EA1 /* Sources */,
				29DAA66D2CC62FB200862EA1 /* Frameworks */,
				29DAA66E2CC62FB200862EA1 /* Resources */,
			);
			buildRules = (
			);
			dependencies = (
			);
			name = "Recipe App";
			productName = "Recipe App";
			productReference = 29DAA6702CC62FB200862EA1 /* Recipe App.app */;
			productType = "com.apple.product-type.application";
		};
		29DAA67F2CC62FB200862EA1 /* Recipe AppTests */ = {
			isa = PBXNativeTarget;
			buildConfigurationList = 29DAA6972CC62FB200862EA1 /* Build configuration list for PBXNativeTarget "Recipe AppTests" */;
			buildPhases = (
				29DAA67C2CC62FB200862EA1 /* Sources */,
				29DAA67D2CC62FB200862EA1 /* Frameworks */,
				29DAA67E2CC62FB200862EA1 /* Resources */,
			);
			buildRules = (
			);
			dependencies = (
				29DAA6822CC62FB200862EA1 /* PBXTargetDependency */,
			);
			name = "Recipe AppTests";
			productName = "Recipe AppTests";
			productReference = 29DAA6802CC62FB200862EA1 /* Recipe AppTests.xctest */;
			productType = "com.apple.product-type.bundle.unit-test";
		};
		29DAA6892CC62FB200862EA1 /* Recipe AppUITests */ = {
			isa = PBXNativeTarget;
			buildConfigurationList = 29DAA69A2CC62FB200862EA1 /* Build configuration list for PBXNativeTarget "Recipe AppUITests" */;
			buildPhases = (
				29DAA6862CC62FB200862EA1 /* Sources */,
				29DAA6872CC62FB200862EA1 /* Frameworks */,
				29DAA6882CC62FB200862EA1 /* Resources */,
			);
			buildRules = (
			);
			dependencies = (
				29DAA68C2CC62FB200862EA1 /* PBXTargetDependency */,
			);
			name = "Recipe AppUITests";
			productName = "Recipe AppUITests";
			productReference = 29DAA68A2CC62FB200862EA1 /* Recipe AppUITests.xctest */;
			productType = "com.apple.product-type.bundle.ui-testing";
		};
/* End PBXNativeTarget section */

/* Begin PBXProject section */
		29DAA6682CC62FB100862EA1 /* Project object */ = {
			isa = PBXProject;
			attributes = {
				BuildIndependentTargetsInParallel = 1;
				LastSwiftUpdateCheck = 1540;
				LastUpgradeCheck = 1540;
				TargetAttributes = {
					29DAA66F2CC62FB200862EA1 = {
						CreatedOnToolsVersion = 15.4;
					};
					29DAA67F2CC62FB200862EA1 = {
						CreatedOnToolsVersion = 15.4;
						TestTargetID = 29DAA66F2CC62FB200862EA1;
					};
					29DAA6892CC62FB200862EA1 = {
						CreatedOnToolsVersion = 15.4;
						TestTargetID = 29DAA66F2CC62FB200862EA1;
					};
				};
			};
			buildConfigurationList = 29DAA66B2CC62FB100862EA1 /* Build configuration list for PBXProject "Recipe App" */;
			compatibilityVersion = "Xcode 14.0";
			developmentRegion = en;
			hasScannedForEncodings = 0;
			knownRegions = (
				en,
				Base,
			);
			mainGroup = 29DAA6672CC62FB100862EA1;
			productRefGroup = 29DAA6712CC62FB200862EA1 /* Products */;
			projectDirPath = "";
			projectRoot = "";
			targets = (
				29DAA66F2CC62FB200862EA1 /* Recipe App */,
				29DAA67F2CC62FB200862EA1 /* Recipe AppTests */,
				29DAA6892CC62FB200862EA1 /* Recipe AppUITests */,
			);
		};
/* End PBXProject section */

/* Begin PBXResourcesBuildPhase section */
		29DAA66E2CC62FB200862EA1 /* Resources */ = {
			isa = PBXResourcesBuildPhase;
			buildActionMask = 2147483647;
			files = (
				29DAA67B2CC62FB200862EA1 /* Preview Assets.xcassets in Resources */,
				29DAA6782CC62FB200862EA1 /* Assets.xcassets in Resources */,
			);
			runOnlyForDeploymentPostprocessing = 0;
		};
		29DAA67E2CC62FB200862EA1 /* Resources */ = {
			isa = PBXResourcesBuildPhase;
			buildActionMask = 2147483647;
			files = (
			);
			runOnlyForDeploymentPostprocessing = 0;
		};
		29DAA6882CC62FB200862EA1 /* Resources */ = {
			isa = PBXResourcesBuildPhase;
			buildActionMask = 2147483647;
			files = (
			);
			runOnlyForDeploymentPostprocessing = 0;
		};
/* End PBXResourcesBuildPhase section */

/* Begin PBXSourcesBuildPhase section */
		29DAA66C2CC62FB200862EA1 /* Sources */ = {
			isa = PBXSourcesBuildPhase;
			buildActionMask = 2147483647;
			files = (
				2973754B2CCA22030070D793 /* WaterTraker 2.swift in Sources */,
				297375492CCA21BF0070D793 /* WaterTraker.swift in Sources */,
				2973753D2CC808090070D793 /* Food Recipes  .swift in Sources */,
				29DAA6762CC62FB200862EA1 /* ContentView.swift in Sources */,
				297375452CC986EB0070D793 /* CustomPopupView.swift in Sources */,
				2973754D2CCD5E460070D793 /* Test.swift in Sources */,
				2973753B2CC78B230070D793 /* New Recipe.swift in Sources */,
				297375472CCA1EA10070D793 /* Cake Baker.swift in Sources */,
				29DAA6742CC62FB200862EA1 /* Recipe_AppApp.swift in Sources */,
				297375532CCE37960070D793 /* test2.swift in Sources */,
				297375372CC635710070D793 /* Main Page.swift in Sources */,
			);
			runOnlyForDeploymentPostprocessing = 0;
		};
		29DAA67C2CC62FB200862EA1 /* Sources */ = {
			isa = PBXSourcesBuildPhase;
			buildActionMask = 2147483647;
			files = (
				29DAA6852CC62FB200862EA1 /* Recipe_AppTests.swift in Sources */,
			);
			runOnlyForDeploymentPostprocessing = 0;
		};
		29DAA6862CC62FB200862EA1 /* Sources */ = {
			isa = PBXSourcesBuildPhase;
			buildActionMask = 2147483647;
			files = (
				29DAA6912CC62FB200862EA1 /* Recipe_AppUITestsLaunchTests.swift in Sources */,
				29DAA68F2CC62FB200862EA1 /* Recipe_AppUITests.swift in Sources */,
			);
			runOnlyForDeploymentPostprocessing = 0;
		};
/* End PBXSourcesBuildPhase section */

/* Begin PBXTargetDependency section */
		29DAA6822CC62FB200862EA1 /* PBXTargetDependency */ = {
			isa = PBXTargetDependency;
			target = 29DAA66F2CC62FB200862EA1 /* Recipe App */;
			targetProxy = 29DAA6812CC62FB200862EA1 /* PBXContainerItemProxy */;
		};
		29DAA68C2CC62FB200862EA1 /* PBXTargetDependency */ = {
			isa = PBXTargetDependency;
			target = 29DAA66F2CC62FB200862EA1 /* Recipe App */;
			targetProxy = 29DAA68B2CC62FB200862EA1 /* PBXContainerItemProxy */;
		};
/* End PBXTargetDependency section */

/* Begin XCBuildConfiguration section */
		29DAA6922CC62FB200862EA1 /* Debug */ = {
			isa = XCBuildConfiguration;
			buildSettings = {
				ALWAYS_SEARCH_USER_PATHS = NO;
				ASSETCATALOG_COMPILER_GENERATE_SWIFT_ASSET_SYMBOL_EXTENSIONS = YES;
				CLANG_ANALYZER_NONNULL = YES;
				CLANG_ANALYZER_NUMBER_OBJECT_CONVERSION = YES_AGGRESSIVE;
				CLANG_CXX_LANGUAGE_STANDARD = "gnu++20";
				CLANG_ENABLE_MODULES = YES;
				CLANG_ENABLE_OBJC_ARC = YES;
				CLANG_ENABLE_OBJC_WEAK = YES;
				CLANG_WARN_BLOCK_CAPTURE_AUTORELEASING = YES;
				CLANG_WARN_BOOL_CONVERSION = YES;
				CLANG_WARN_COMMA = YES;
				CLANG_WARN_CONSTANT_CONVERSION = YES;
				CLANG_WARN_DEPRECATED_OBJC_IMPLEMENTATIONS = YES;
				CLANG_WARN_DIRECT_OBJC_ISA_USAGE = YES_ERROR;
				CLANG_WARN_DOCUMENTATION_COMMENTS = YES;
				CLANG_WARN_EMPTY_BODY = YES;
				CLANG_WARN_ENUM_CONVERSION = YES;
				CLANG_WARN_INFINITE_RECURSION = YES;
				CLANG_WARN_INT_CONVERSION = YES;
				CLANG_WARN_NON_LITERAL_NULL_CONVERSION = YES;
				CLANG_WARN_OBJC_IMPLICIT_RETAIN_SELF = YES;
				CLANG_WARN_OBJC_LITERAL_CONVERSION = YES;
				CLANG_WARN_OBJC_ROOT_CLASS = YES_ERROR;
				CLANG_WARN_QUOTED_INCLUDE_IN_FRAMEWORK_HEADER = YES;
				CLANG_WARN_RANGE_LOOP_ANALYSIS = YES;
				CLANG_WARN_STRICT_PROTOTYPES = YES;
				CLANG_WARN_SUSPICIOUS_MOVE = YES;
				CLANG_WARN_UNGUARDED_AVAILABILITY = YES_AGGRESSIVE;
				CLANG_WARN_UNREACHABLE_CODE = YES;
				CLANG_WARN__DUPLICATE_METHOD_MATCH = YES;
				COPY_PHASE_STRIP = NO;
				DEBUG_INFORMATION_FORMAT = dwarf;
				ENABLE_STRICT_OBJC_MSGSEND = YES;
				ENABLE_TESTABILITY = YES;
				ENABLE_USER_SCRIPT_SANDBOXING = YES;
				GCC_C_LANGUAGE_STANDARD = gnu17;
				GCC_DYNAMIC_NO_PIC = NO;
				GCC_NO_COMMON_BLOCKS = YES;
				GCC_OPTIMIZATION_LEVEL = 0;
				GCC_PREPROCESSOR_DEFINITIONS = (
					"DEBUG=1",
					"$(inherited)",
				);
				GCC_WARN_64_TO_32_BIT_CONVERSION = YES;
				GCC_WARN_ABOUT_RETURN_TYPE = YES_ERROR;
				GCC_WARN_UNDECLARED_SELECTOR = YES;
				GCC_WARN_UNINITIALIZED_AUTOS = YES_AGGRESSIVE;
				GCC_WARN_UNUSED_FUNCTION = YES;
				GCC_WARN_UNUSED_VARIABLE = YES;
				IPHONEOS_DEPLOYMENT_TARGET = 17.5;
				LOCALIZATION_PREFERS_STRING_CATALOGS = YES;
				MTL_ENABLE_DEBUG_INFO = INCLUDE_SOURCE;
				MTL_FAST_MATH = YES;
				ONLY_ACTIVE_ARCH = YES;
				SDKROOT = iphoneos;
				SWIFT_ACTIVE_COMPILATION_CONDITIONS = "DEBUG $(inherited)";
				SWIFT_OPTIMIZATION_LEVEL = "-Onone";
			};
			name = Debug;
		};
		29DAA6932CC62FB200862EA1 /* Release */ = {
			isa = XCBuildConfiguration;
			buildSettings = {
				ALWAYS_SEARCH_USER_PATHS = NO;
				ASSETCATALOG_COMPILER_GENERATE_SWIFT_ASSET_SYMBOL_EXTENSIONS = YES;
				CLANG_ANALYZER_NONNULL = YES;
				CLANG_ANALYZER_NUMBER_OBJECT_CONVERSION = YES_AGGRESSIVE;
				CLANG_CXX_LANGUAGE_STANDARD = "gnu++20";
				CLANG_ENABLE_MODULES = YES;
				CLANG_ENABLE_OBJC_ARC = YES;
				CLANG_ENABLE_OBJC_WEAK = YES;
				CLANG_WARN_BLOCK_CAPTURE_AUTORELEASING = YES;
				CLANG_WARN_BOOL_CONVERSION = YES;
				CLANG_WARN_COMMA = YES;
				CLANG_WARN_CONSTANT_CONVERSION = YES;
				CLANG_WARN_DEPRECATED_OBJC_IMPLEMENTATIONS = YES;
				CLANG_WARN_DIRECT_OBJC_ISA_USAGE = YES_ERROR;
				CLANG_WARN_DOCUMENTATION_COMMENTS = YES;
				CLANG_WARN_EMPTY_BODY = YES;
				CLANG_WARN_ENUM_CONVERSION = YES;
				CLANG_WARN_INFINITE_RECURSION = YES;
				CLANG_WARN_INT_CONVERSION = YES;
				CLANG_WARN_NON_LITERAL_NULL_CONVERSION = YES;
				CLANG_WARN_OBJC_IMPLICIT_RETAIN_SELF = YES;
				CLANG_WARN_OBJC_LITERAL_CONVERSION = YES;
				CLANG_WARN_OBJC_ROOT_CLASS = YES_ERROR;
				CLANG_WARN_QUOTED_INCLUDE_IN_FRAMEWORK_HEADER = YES;
				CLANG_WARN_RANGE_LOOP_ANALYSIS = YES;
				CLANG_WARN_STRICT_PROTOTYPES = YES;
				CLANG_WARN_SUSPICIOUS_MOVE = YES;
				CLANG_WARN_UNGUARDED_AVAILABILITY = YES_AGGRESSIVE;
				CLANG_WARN_UNREACHABLE_CODE = YES;
				CLANG_WARN__DUPLICATE_METHOD_MATCH = YES;
				COPY_PHASE_STRIP = NO;
				DEBUG_INFORMATION_FORMAT = "dwarf-with-dsym";
				ENABLE_NS_ASSERTIONS = NO;
				ENABLE_STRICT_OBJC_MSGSEND = YES;
				ENABLE_USER_SCRIPT_SANDBOXING = YES;
				GCC_C_LANGUAGE_STANDARD = gnu17;
				GCC_NO_COMMON_BLOCKS = YES;
				GCC_WARN_64_TO_32_BIT_CONVERSION = YES;
				GCC_WARN_ABOUT_RETURN_TYPE = YES_ERROR;
				GCC_WARN_UNDECLARED_SELECTOR = YES;
				GCC_WARN_UNINITIALIZED_AUTOS = YES_AGGRESSIVE;
				GCC_WARN_UNUSED_FUNCTION = YES;
				GCC_WARN_UNUSED_VARIABLE = YES;
				IPHONEOS_DEPLOYMENT_TARGET = 17.5;
				LOCALIZATION_PREFERS_STRING_CATALOGS = YES;
				MTL_ENABLE_DEBUG_INFO = NO;
				MTL_FAST_MATH = YES;
				SDKROOT = iphoneos;
				SWIFT_COMPILATION_MODE = wholemodule;
				VALIDATE_PRODUCT = YES;
			};
			name = Release;
		};
		29DAA6952CC62FB200862EA1 /* Debug */ = {
			isa = XCBuildConfiguration;
			buildSettings = {
				ASSETCATALOG_COMPILER_APPICON_NAME = AppIcon;
				ASSETCATALOG_COMPILER_GLOBAL_ACCENT_COLOR_NAME = AccentColor;
				CODE_SIGN_STYLE = Automatic;
				CURRENT_PROJECT_VERSION = 1;
				DEVELOPMENT_ASSET_PATHS = "\"Recipe App/Preview Content\"";
				ENABLE_PREVIEWS = YES;
				GENERATE_INFOPLIST_FILE = YES;
				INFOPLIST_KEY_UIApplicationSceneManifest_Generation = YES;
				INFOPLIST_KEY_UIApplicationSupportsIndirectInputEvents = YES;
				INFOPLIST_KEY_UILaunchScreen_Generation = YES;
				INFOPLIST_KEY_UISupportedInterfaceOrientations_iPad = "UIInterfaceOrientationPortrait UIInterfaceOrientationPortraitUpsideDown UIInterfaceOrientationLandscapeLeft UIInterfaceOrientationLandscapeRight";
				INFOPLIST_KEY_UISupportedInterfaceOrientations_iPhone = "UIInterfaceOrientationPortrait UIInterfaceOrientationLandscapeLeft UIInterfaceOrientationLandscapeRight";
				LD_RUNPATH_SEARCH_PATHS = (
					"$(inherited)",
					"@executable_path/Frameworks",
				);
				MARKETING_VERSION = 1.0;
				PRODUCT_BUNDLE_IDENTIFIER = "com.Shaden.Recipe-App";
				PRODUCT_NAME = "$(TARGET_NAME)";
				SWIFT_EMIT_LOC_STRINGS = YES;
				SWIFT_VERSION = 5.0;
				TARGETED_DEVICE_FAMILY = "1,2";
			};
			name = Debug;
		};
		29DAA6962CC62FB200862EA1 /* Release */ = {
			isa = XCBuildConfiguration;
			buildSettings = {
				ASSETCATALOG_COMPILER_APPICON_NAME = AppIcon;
				ASSETCATALOG_COMPILER_GLOBAL_ACCENT_COLOR_NAME = AccentColor;
				CODE_SIGN_STYLE = Automatic;
				CURRENT_PROJECT_VERSION = 1;
				DEVELOPMENT_ASSET_PATHS = "\"Recipe App/Preview Content\"";
				ENABLE_PREVIEWS = YES;
				GENERATE_INFOPLIST_FILE = YES;
				INFOPLIST_KEY_UIApplicationSceneManifest_Generation = YES;
				INFOPLIST_KEY_UIApplicationSupportsIndirectInputEvents = YES;
				INFOPLIST_KEY_UILaunchScreen_Generation = YES;
				INFOPLIST_KEY_UISupportedInterfaceOrientations_iPad = "UIInterfaceOrientationPortrait UIInterfaceOrientationPortraitUpsideDown UIInterfaceOrientationLandscapeLeft UIInterfaceOrientationLandscapeRight";
				INFOPLIST_KEY_UISupportedInterfaceOrientations_iPhone = "UIInterfaceOrientationPortrait UIInterfaceOrientationLandscapeLeft UIInterfaceOrientationLandscapeRight";
				LD_RUNPATH_SEARCH_PATHS = (
					"$(inherited)",
					"@executable_path/Frameworks",
				);
				MARKETING_VERSION = 1.0;
				PRODUCT_BUNDLE_IDENTIFIER = "com.Shaden.Recipe-App";
				PRODUCT_NAME = "$(TARGET_NAME)";
				SWIFT_EMIT_LOC_STRINGS = YES;
				SWIFT_VERSION = 5.0;
				TARGETED_DEVICE_FAMILY = "1,2";
			};
			name = Release;
		};
		29DAA6982CC62FB200862EA1 /* Debug */ = {
			isa = XCBuildConfiguration;
			buildSettings = {
				ALWAYS_EMBED_SWIFT_STANDARD_LIBRARIES = YES;
				BUNDLE_LOADER = "$(TEST_HOST)";
				CODE_SIGN_STYLE = Automatic;
				CURRENT_PROJECT_VERSION = 1;
				GENERATE_INFOPLIST_FILE = YES;
				IPHONEOS_DEPLOYMENT_TARGET = 17.5;
				MARKETING_VERSION = 1.0;
				PRODUCT_BUNDLE_IDENTIFIER = "com.Shaden.Recipe-AppTests";
				PRODUCT_NAME = "$(TARGET_NAME)";
				SWIFT_EMIT_LOC_STRINGS = NO;
				SWIFT_VERSION = 5.0;
				TARGETED_DEVICE_FAMILY = "1,2";
				TEST_HOST = "$(BUILT_PRODUCTS_DIR)/Recipe App.app/$(BUNDLE_EXECUTABLE_FOLDER_PATH)/Recipe App";
			};
			name = Debug;
		};
		29DAA6992CC62FB200862EA1 /* Release */ = {
			isa = XCBuildConfiguration;
			buildSettings = {
				ALWAYS_EMBED_SWIFT_STANDARD_LIBRARIES = YES;
				BUNDLE_LOADER = "$(TEST_HOST)";
				CODE_SIGN_STYLE = Automatic;
				CURRENT_PROJECT_VERSION = 1;
				GENERATE_INFOPLIST_FILE = YES;
				IPHONEOS_DEPLOYMENT_TARGET = 17.5;
				MARKETING_VERSION = 1.0;
				PRODUCT_BUNDLE_IDENTIFIER = "com.Shaden.Recipe-AppTests";
				PRODUCT_NAME = "$(TARGET_NAME)";
				SWIFT_EMIT_LOC_STRINGS = NO;
				SWIFT_VERSION = 5.0;
				TARGETED_DEVICE_FAMILY = "1,2";
				TEST_HOST = "$(BUILT_PRODUCTS_DIR)/Recipe App.app/$(BUNDLE_EXECUTABLE_FOLDER_PATH)/Recipe App";
			};
			name = Release;
		};
		29DAA69B2CC62FB200862EA1 /* Debug */ = {
			isa = XCBuildConfiguration;
			buildSettings = {
				ALWAYS_EMBED_SWIFT_STANDARD_LIBRARIES = YES;
				CODE_SIGN_STYLE = Automatic;
				CURRENT_PROJECT_VERSION = 1;
				GENERATE_INFOPLIST_FILE = YES;
				MARKETING_VERSION = 1.0;
				PRODUCT_BUNDLE_IDENTIFIER = "com.Shaden.Recipe-AppUITests";
				PRODUCT_NAME = "$(TARGET_NAME)";
				SWIFT_EMIT_LOC_STRINGS = NO;
				SWIFT_VERSION = 5.0;
				TARGETED_DEVICE_FAMILY = "1,2";
				TEST_TARGET_NAME = "Recipe App";
			};
			name = Debug;
		};
		29DAA69C2CC62FB200862EA1 /* Release */ = {
			isa = XCBuildConfiguration;
			buildSettings = {
				ALWAYS_EMBED_SWIFT_STANDARD_LIBRARIES = YES;
				CODE_SIGN_STYLE = Automatic;
				CURRENT_PROJECT_VERSION = 1;
				GENERATE_INFOPLIST_FILE = YES;
				MARKETING_VERSION = 1.0;
				PRODUCT_BUNDLE_IDENTIFIER = "com.Shaden.Recipe-AppUITests";
				PRODUCT_NAME = "$(TARGET_NAME)";
				SWIFT_EMIT_LOC_STRINGS = NO;
				SWIFT_VERSION = 5.0;
				TARGETED_DEVICE_FAMILY = "1,2";
				TEST_TARGET_NAME = "Recipe App";
			};
			name = Release;
		};
/* End XCBuildConfiguration section */

/* Begin XCConfigurationList section */
		29DAA66B2CC62FB100862EA1 /* Build configuration list for PBXProject "Recipe App" */ = {
			isa = XCConfigurationList;
			buildConfigurations = (
				29DAA6922CC62FB200862EA1 /* Debug */,
				29DAA6932CC62FB200862EA1 /* Release */,
			);
			defaultConfigurationIsVisible = 0;
			defaultConfigurationName = Release;
		};
		29DAA6942CC62FB200862EA1 /* Build configuration list for PBXNativeTarget "Recipe App" */ = {
			isa = XCConfigurationList;
			buildConfigurations = (
				29DAA6952CC62FB200862EA1 /* Debug */,
				29DAA6962CC62FB200862EA1 /* Release */,
			);
			defaultConfigurationIsVisible = 0;
			defaultConfigurationName = Release;
		};
		29DAA6972CC62FB200862EA1 /* Build configuration list for PBXNativeTarget "Recipe AppTests" */ = {
			isa = XCConfigurationList;
			buildConfigurations = (
				29DAA6982CC62FB200862EA1 /* Debug */,
				29DAA6992CC62FB200862EA1 /* Release */,
			);
			defaultConfigurationIsVisible = 0;
			defaultConfigurationName = Release;
		};
		29DAA69A2CC62FB200862EA1 /* Build configuration list for PBXNativeTarget "Recipe AppUITests" */ = {
			isa = XCConfigurationList;
			buildConfigurations = (
				29DAA69B2CC62FB200862EA1 /* Debug */,
				29DAA69C2CC62FB200862EA1 /* Release */,
			);
			defaultConfigurationIsVisible = 0;
			defaultConfigurationName = Release;
		};
/* End XCConfigurationList section */
	};
	rootObject = 29DAA6682CC62FB100862EA1 /* Project object */;
}
